
Microsoft Visual Studio Solution File, Format Version 12.00
# Visual Studio Version 16
VisualStudioVersion = 16.0.29009.5
MinimumVisualStudioVersion = 10.0.40219.1
Project("{FAE04EC0-301F-11D3-BF4B-00C04F79EFBC}") = "SimpleInputDataValidator.Test.UWP", "SimpleInputDataValidator.Test\SimpleInputDataValidator.Test.UWP\SimpleInputDataValidator.Test.UWP.csproj", "{8144026A-0D0B-4338-BFBC-50FDFBF827C5}"
EndProject
Project("{FAE04EC0-301F-11D3-BF4B-00C04F79EFBC}") = "SimpleInputDataValidator.Test.Android", "SimpleInputDataValidator.Test\SimpleInputDataValidator.Test.Android\SimpleInputDataValidator.Test.Android.csproj", "{D19C445A-DB86-4BC5-AB73-2549DA762671}"
EndProject
Project("{FAE04EC0-301F-11D3-BF4B-00C04F79EFBC}") = "SimpleInputDataValidator.Test.iOS", "SimpleInputDataValidator.Test\SimpleInputDataValidator.Test.iOS\SimpleInputDataValidator.Test.iOS.csproj", "{E6B5A92A-0D39-4052-81FD-F5827FC45595}"
EndProject
Project("{FAE04EC0-301F-11D3-BF4B-00C04F79EFBC}") = "SimpleInputDataValidator.Test", "SimpleInputDataValidator.Test\SimpleInputDataValidator.Test\SimpleInputDataValidator.Test.csproj", "{569CB0CB-F4CA-4C0B-A733-7C09DCF6BABA}"
EndProject
Project("{FAE04EC0-301F-11D3-BF4B-00C04F79EFBC}") = "SimpleInputDataValidator", "SimpleInputDataValidator\SimpleInputDataValidator.csproj", "{CCCE46F7-C8B2-495A-8FC3-5D8E2ABB09E3}"
EndProject
Global
	GlobalSection(SolutionConfigurationPlatforms) = preSolution
		Debug|Any CPU = Debug|Any CPU
		Debug|ARM = Debug|ARM
		Debug|iPhone = Debug|iPhone
		Debug|iPhoneSimulator = Debug|iPhoneSimulator
		Debug|x64 = Debug|x64
		Debug|x86 = Debug|x86
		Release|Any CPU = Release|Any CPU
		Release|ARM = Release|ARM
		Release|iPhone = Release|iPhone
		Release|iPhoneSimulator = Release|iPhoneSimulator
		Release|x64 = Release|x64
		Release|x86 = Release|x86
	EndGlobalSection
	GlobalSection(ProjectConfigurationPlatforms) = postSolution
		{8144026A-0D0B-4338-BFBC-50FDFBF827C5}.Debug|Any CPU.ActiveCfg = Debug|x86
		{8144026A-0D0B-4338-BFBC-50FDFBF827C5}.Debug|Any CPU.Build.0 = Debug|x86
		{8144026A-0D0B-4338-BFBC-50FDFBF827C5}.Debug|Any CPU.Deploy.0 = Debug|x86
		{8144026A-0D0B-4338-BFBC-50FDFBF827C5}.Debug|ARM.ActiveCfg = Debug|ARM
		{8144026A-0D0B-4338-BFBC-50FDFBF827C5}.Debug|ARM.Build.0 = Debug|ARM
		{8144026A-0D0B-4338-BFBC-50FDFBF827C5}.Debug|ARM.Deploy.0 = Debug|ARM
		{8144026A-0D0B-4338-BFBC-50FDFBF827C5}.Debug|iPhone.ActiveCfg = Debug|x86
		{8144026A-0D0B-4338-BFBC-50FDFBF827C5}.Debug|iPhone.Build.0 = Debug|x86
		{8144026A-0D0B-4338-BFBC-50FDFBF827C5}.Debug|iPhone.Deploy.0 = Debug|x86
		{8144026A-0D0B-4338-BFBC-50FDFBF827C5}.Debug|iPhoneSimulator.ActiveCfg = Debug|x86
		{8144026A-0D0B-4338-BFBC-50FDFBF827C5}.Debug|iPhoneSimulator.Build.0 = Debug|x86
		{8144026A-0D0B-4338-BFBC-50FDFBF827C5}.Debug|iPhoneSimulator.Deploy.0 = Debug|x86
		{8144026A-0D0B-4338-BFBC-50FDFBF827C5}.Debug|x64.ActiveCfg = Debug|x64
		{8144026A-0D0B-4338-BFBC-50FDFBF827C5}.Debug|x64.Build.0 = Debug|x64
		{8144026A-0D0B-4338-BFBC-50FDFBF827C5}.Debug|x64.Deploy.0 = Debug|x64
		{8144026A-0D0B-4338-BFBC-50FDFBF827C5}.Debug|x86.ActiveCfg = Debug|x86
		{8144026A-0D0B-4338-BFBC-50FDFBF827C5}.Debug|x86.Build.0 = Debug|x86
		{8144026A-0D0B-4338-BFBC-50FDFBF827C5}.Debug|x86.Deploy.0 = Debug|x86
		{8144026A-0D0B-4338-BFBC-50FDFBF827C5}.Release|Any CPU.ActiveCfg = Release|x86
		{8144026A-0D0B-4338-BFBC-50FDFBF827C5}.Release|Any CPU.Build.0 = Release|x86
		{8144026A-0D0B-4338-BFBC-50FDFBF827C5}.Release|Any CPU.Deploy.0 = Release|x86
		{8144026A-0D0B-4338-BFBC-50FDFBF827C5}.Release|ARM.ActiveCfg = Release|ARM
		{8144026A-0D0B-4338-BFBC-50FDFBF827C5}.Release|ARM.Build.0 = Release|ARM
		{8144026A-0D0B-4338-BFBC-50FDFBF827C5}.Release|ARM.Deploy.0 = Release|ARM
		{8144026A-0D0B-4338-BFBC-50FDFBF827C5}.Release|iPhone.ActiveCfg = Release|x86
		{8144026A-0D0B-4338-BFBC-50FDFBF827C5}.Release|iPhone.Build.0 = Release|x86
		{8144026A-0D0B-4338-BFBC-50FDFBF827C5}.Release|iPhone.Deploy.0 = Release|x86
		{8144026A-0D0B-4338-BFBC-50FDFBF827C5}.Release|iPhoneSimulator.ActiveCfg = Release|x86
		{8144026A-0D0B-4338-BFBC-50FDFBF827C5}.Release|iPhoneSimulator.Build.0 = Release|x86
		{8144026A-0D0B-4338-BFBC-50FDFBF827C5}.Release|iPhoneSimulator.Deploy.0 = Release|x86
		{8144026A-0D0B-4338-BFBC-50FDFBF827C5}.Release|x64.ActiveCfg = Release|x64
		{8144026A-0D0B-4338-BFBC-50FDFBF827C5}.Release|x64.Build.0 = Release|x64
		{8144026A-0D0B-4338-BFBC-50FDFBF827C5}.Release|x64.Deploy.0 = Release|x64
		{8144026A-0D0B-4338-BFBC-50FDFBF827C5}.Release|x86.ActiveCfg = Release|x86
		{8144026A-0D0B-4338-BFBC-50FDFBF827C5}.Release|x86.Build.0 = Release|x86
		{8144026A-0D0B-4338-BFBC-50FDFBF827C5}.Release|x86.Deploy.0 = Release|x86
		{D19C445A-DB86-4BC5-AB73-2549DA762671}.Debug|Any CPU.ActiveCfg = Debug|Any CPU
		{D19C445A-DB86-4BC5-AB73-2549DA762671}.Debug|Any CPU.Build.0 = Debug|Any CPU
		{D19C445A-DB86-4BC5-AB73-2549DA762671}.Debug|Any CPU.Deploy.0 = Debug|Any CPU
		{D19C445A-DB86-4BC5-AB73-2549DA762671}.Debug|ARM.ActiveCfg = Debug|Any CPU
		{D19C445A-DB86-4BC5-AB73-2549DA762671}.Debug|ARM.Build.0 = Debug|Any CPU
		{D19C445A-DB86-4BC5-AB73-2549DA762671}.Debug|ARM.Deploy.0 = Debug|Any CPU
		{D19C445A-DB86-4BC5-AB73-2549DA762671}.Debug|iPhone.ActiveCfg = Debug|Any CPU
		{D19C445A-DB86-4BC5-AB73-2549DA762671}.Debug|iPhone.Build.0 = Debug|Any CPU
		{D19C445A-DB86-4BC5-AB73-2549DA762671}.Debug|iPhone.Deploy.0 = Debug|Any CPU
		{D19C445A-DB86-4BC5-AB73-2549DA762671}.Debug|iPhoneSimulator.ActiveCfg = Debug|Any CPU
		{D19C445A-DB86-4BC5-AB73-2549DA762671}.Debug|iPhoneSimulator.Build.0 = Debug|Any CPU
		{D19C445A-DB86-4BC5-AB73-2549DA762671}.Debug|iPhoneSimulator.Deploy.0 = Debug|Any CPU
		{D19C445A-DB86-4BC5-AB73-2549DA762671}.Debug|x64.ActiveCfg = Debug|Any CPU
		{D19C445A-DB86-4BC5-AB73-2549DA762671}.Debug|x64.Build.0 = Debug|Any CPU
		{D19C445A-DB86-4BC5-AB73-2549DA762671}.Debug|x64.Deploy.0 = Debug|Any CPU
		{D19C445A-DB86-4BC5-AB73-2549DA762671}.Debug|x86.ActiveCfg = Debug|Any CPU
		{D19C445A-DB86-4BC5-AB73-2549DA762671}.Debug|x86.Build.0 = Debug|Any CPU
		{D19C445A-DB86-4BC5-AB73-2549DA762671}.Debug|x86.Deploy.0 = Debug|Any CPU
		{D19C445A-DB86-4BC5-AB73-2549DA762671}.Release|Any CPU.ActiveCfg = Release|Any CPU
		{D19C445A-DB86-4BC5-AB73-2549DA762671}.Release|Any CPU.Build.0 = Release|Any CPU
		{D19C445A-DB86-4BC5-AB73-2549DA762671}.Release|Any CPU.Deploy.0 = Release|Any CPU
		{D19C445A-DB86-4BC5-AB73-2549DA762671}.Release|ARM.ActiveCfg = Release|Any CPU
		{D19C445A-DB86-4BC5-AB73-2549DA762671}.Release|ARM.Build.0 = Release|Any CPU
		{D19C445A-DB86-4BC5-AB73-2549DA762671}.Release|ARM.Deploy.0 = Release|Any CPU
		{D19C445A-DB86-4BC5-AB73-2549DA762671}.Release|iPhone.ActiveCfg = Release|Any CPU
		{D19C445A-DB86-4BC5-AB73-2549DA762671}.Release|iPhone.Build.0 = Release|Any CPU
		{D19C445A-DB86-4BC5-AB73-2549DA762671}.Release|iPhone.Deploy.0 = Release|Any CPU
		{D19C445A-DB86-4BC5-AB73-2549DA762671}.Release|iPhoneSimulator.ActiveCfg = Release|Any CPU
		{D19C445A-DB86-4BC5-AB73-2549DA762671}.Release|iPhoneSimulator.Build.0 = Release|Any CPU
		{D19C445A-DB86-4BC5-AB73-2549DA762671}.Release|iPhoneSimulator.Deploy.0 = Release|Any CPU
		{D19C445A-DB86-4BC5-AB73-2549DA762671}.Release|x64.ActiveCfg = Release|Any CPU
		{D19C445A-DB86-4BC5-AB73-2549DA762671}.Release|x64.Build.0 = Release|Any CPU
		{D19C445A-DB86-4BC5-AB73-2549DA762671}.Release|x64.Deploy.0 = Release|Any CPU
		{D19C445A-DB86-4BC5-AB73-2549DA762671}.Release|x86.ActiveCfg = Release|Any CPU
		{D19C445A-DB86-4BC5-AB73-2549DA762671}.Release|x86.Build.0 = Release|Any CPU
		{D19C445A-DB86-4BC5-AB73-2549DA762671}.Release|x86.Deploy.0 = Release|Any CPU
		{E6B5A92A-0D39-4052-81FD-F5827FC45595}.Debug|Any CPU.ActiveCfg = Debug|iPhone
		{E6B5A92A-0D39-4052-81FD-F5827FC45595}.Debug|Any CPU.Build.0 = Debug|iPhone
		{E6B5A92A-0D39-4052-81FD-F5827FC45595}.Debug|Any CPU.Deploy.0 = Debug|iPhone
		{E6B5A92A-0D39-4052-81FD-F5827FC45595}.Debug|ARM.ActiveCfg = Debug|iPhoneSimulator
		{E6B5A92A-0D39-4052-81FD-F5827FC45595}.Debug|ARM.Build.0 = Debug|iPhoneSimulator
		{E6B5A92A-0D39-4052-81FD-F5827FC45595}.Debug|ARM.Deploy.0 = Debug|iPhoneSimulator
		{E6B5A92A-0D39-4052-81FD-F5827FC45595}.Debug|iPhone.ActiveCfg = Debug|iPhone
		{E6B5A92A-0D39-4052-81FD-F5827FC45595}.Debug|iPhone.Build.0 = Debug|iPhone
		{E6B5A92A-0D39-4052-81FD-F5827FC45595}.Debug|iPhone.Deploy.0 = Debug|iPhone
		{E6B5A92A-0D39-4052-81FD-F5827FC45595}.Debug|iPhoneSimulator.ActiveCfg = Debug|iPhoneSimulator
		{E6B5A92A-0D39-4052-81FD-F5827FC45595}.Debug|iPhoneSimulator.Build.0 = Debug|iPhoneSimulator
		{E6B5A92A-0D39-4052-81FD-F5827FC45595}.Debug|iPhoneSimulator.Deploy.0 = Debug|iPhoneSimulator
		{E6B5A92A-0D39-4052-81FD-F5827FC45595}.Debug|x64.ActiveCfg = Debug|iPhone
		{E6B5A92A-0D39-4052-81FD-F5827FC45595}.Debug|x64.Build.0 = Debug|iPhone
		{E6B5A92A-0D39-4052-81FD-F5827FC45595}.Debug|x64.Deploy.0 = Debug|iPhone
		{E6B5A92A-0D39-4052-81FD-F5827FC45595}.Debug|x86.ActiveCfg = Debug|iPhone
		{E6B5A92A-0D39-4052-81FD-F5827FC45595}.Debug|x86.Build.0 = Debug|iPhone
		{E6B5A92A-0D39-4052-81FD-F5827FC45595}.Debug|x86.Deploy.0 = Debug|iPhone
		{E6B5A92A-0D39-4052-81FD-F5827FC45595}.Release|Any CPU.ActiveCfg = Release|iPhone
		{E6B5A92A-0D39-4052-81FD-F5827FC45595}.Release|Any CPU.Build.0 = Release|iPhone
		{E6B5A92A-0D39-4052-81FD-F5827FC45595}.Release|Any CPU.Deploy.0 = Release|iPhone
		{E6B5A92A-0D39-4052-81FD-F5827FC45595}.Release|ARM.ActiveCfg = Release|iPhone
		{E6B5A92A-0D39-4052-81FD-F5827FC45595}.Release|ARM.Build.0 = Release|iPhone
		{E6B5A92A-0D39-4052-81FD-F5827FC45595}.Release|ARM.Deploy.0 = Release|iPhone
		{E6B5A92A-0D39-4052-81FD-F5827FC45595}.Release|iPhone.ActiveCfg = Release|iPhone
		{E6B5A92A-0D39-4052-81FD-F5827FC45595}.Release|iPhone.Build.0 = Release|iPhone
		{E6B5A92A-0D39-4052-81FD-F5827FC45595}.Release|iPhone.Deploy.0 = Release|iPhone
		{E6B5A92A-0D39-4052-81FD-F5827FC45595}.Release|iPhoneSimulator.ActiveCfg = Release|iPhoneSimulator
		{E6B5A92A-0D39-4052-81FD-F5827FC45595}.Release|iPhoneSimulator.Build.0 = Release|iPhoneSimulator
		{E6B5A92A-0D39-4052-81FD-F5827FC45595}.Release|iPhoneSimulator.Deploy.0 = Release|iPhoneSimulator
		{E6B5A92A-0D39-4052-81FD-F5827FC45595}.Release|x64.ActiveCfg = Release|iPhone
		{E6B5A92A-0D39-4052-81FD-F5827FC45595}.Release|x64.Build.0 = Release|iPhone
		{E6B5A92A-0D39-4052-81FD-F5827FC45595}.Release|x64.Deploy.0 = Release|iPhone
		{E6B5A92A-0D39-4052-81FD-F5827FC45595}.Release|x86.ActiveCfg = Release|iPhone
		{E6B5A92A-0D39-4052-81FD-F5827FC45595}.Release|x86.Build.0 = Release|iPhone
		{E6B5A92A-0D39-4052-81FD-F5827FC45595}.Release|x86.Deploy.0 = Release|iPhone
		{569CB0CB-F4CA-4C0B-A733-7C09DCF6BABA}.Debug|Any CPU.ActiveCfg = Debug|Any CPU
		{569CB0CB-F4CA-4C0B-A733-7C09DCF6BABA}.Debug|Any CPU.Build.0 = Debug|Any CPU
		{569CB0CB-F4CA-4C0B-A733-7C09DCF6BABA}.Debug|Any CPU.Deploy.0 = Debug|Any CPU
		{569CB0CB-F4CA-4C0B-A733-7C09DCF6BABA}.Debug|ARM.ActiveCfg = Debug|Any CPU
		{569CB0CB-F4CA-4C0B-A733-7C09DCF6BABA}.Debug|ARM.Build.0 = Debug|Any CPU
		{569CB0CB-F4CA-4C0B-A733-7C09DCF6BABA}.Debug|ARM.Deploy.0 = Debug|Any CPU
		{569CB0CB-F4CA-4C0B-A733-7C09DCF6BABA}.Debug|iPhone.ActiveCfg = Debug|Any CPU
		{569CB0CB-F4CA-4C0B-A733-7C09DCF6BABA}.Debug|iPhone.Build.0 = Debug|Any CPU
		{569CB0CB-F4CA-4C0B-A733-7C09DCF6BABA}.Debug|iPhone.Deploy.0 = Debug|Any CPU
		{569CB0CB-F4CA-4C0B-A733-7C09DCF6BABA}.Debug|iPhoneSimulator.ActiveCfg = Debug|Any CPU
		{569CB0CB-F4CA-4C0B-A733-7C09DCF6BABA}.Debug|iPhoneSimulator.Build.0 = Debug|Any CPU
		{569CB0CB-F4CA-4C0B-A733-7C09DCF6BABA}.Debug|iPhoneSimulator.Deploy.0 = Debug|Any CPU
		{569CB0CB-F4CA-4C0B-A733-7C09DCF6BABA}.Debug|x64.ActiveCfg = Debug|Any CPU
		{569CB0CB-F4CA-4C0B-A733-7C09DCF6BABA}.Debug|x64.Build.0 = Debug|Any CPU
		{569CB0CB-F4CA-4C0B-A733-7C09DCF6BABA}.Debug|x64.Deploy.0 = Debug|Any CPU
		{569CB0CB-F4CA-4C0B-A733-7C09DCF6BABA}.Debug|x86.ActiveCfg = Debug|Any CPU
		{569CB0CB-F4CA-4C0B-A733-7C09DCF6BABA}.Debug|x86.Build.0 = Debug|Any CPU
		{569CB0CB-F4CA-4C0B-A733-7C09DCF6BABA}.Debug|x86.Deploy.0 = Debug|Any CPU
		{569CB0CB-F4CA-4C0B-A733-7C09DCF6BABA}.Release|Any CPU.ActiveCfg = Release|Any CPU
		{569CB0CB-F4CA-4C0B-A733-7C09DCF6BABA}.Release|Any CPU.Build.0 = Release|Any CPU
		{569CB0CB-F4CA-4C0B-A733-7C09DCF6BABA}.Release|Any CPU.Deploy.0 = Release|Any CPU
		{569CB0CB-F4CA-4C0B-A733-7C09DCF6BABA}.Release|ARM.ActiveCfg = Release|Any CPU
		{569CB0CB-F4CA-4C0B-A733-7C09DCF6BABA}.Release|ARM.Build.0 = Release|Any CPU
		{569CB0CB-F4CA-4C0B-A733-7C09DCF6BABA}.Release|ARM.Deploy.0 = Release|Any CPU
		{569CB0CB-F4CA-4C0B-A733-7C09DCF6BABA}.Release|iPhone.ActiveCfg = Release|Any CPU
		{569CB0CB-F4CA-4C0B-A733-7C09DCF6BABA}.Release|iPhone.Build.0 = Release|Any CPU
		{569CB0CB-F4CA-4C0B-A733-7C09DCF6BABA}.Release|iPhone.Deploy.0 = Release|Any CPU
		{569CB0CB-F4CA-4C0B-A733-7C09DCF6BABA}.Release|iPhoneSimulator.ActiveCfg = Release|Any CPU
		{569CB0CB-F4CA-4C0B-A733-7C09DCF6BABA}.Release|iPhoneSimulator.Build.0 = Release|Any CPU
		{569CB0CB-F4CA-4C0B-A733-7C09DCF6BABA}.Release|iPhoneSimulator.Deploy.0 = Release|Any CPU
		{569CB0CB-F4CA-4C0B-A733-7C09DCF6BABA}.Release|x64.ActiveCfg = Release|Any CPU
		{569CB0CB-F4CA-4C0B-A733-7C09DCF6BABA}.Release|x64.Build.0 = Release|Any CPU
		{569CB0CB-F4CA-4C0B-A733-7C09DCF6BABA}.Release|x64.Deploy.0 = Release|Any CPU
		{569CB0CB-F4CA-4C0B-A733-7C09DCF6BABA}.Release|x86.ActiveCfg = Release|Any CPU
		{569CB0CB-F4CA-4C0B-A733-7C09DCF6BABA}.Release|x86.Build.0 = Release|Any CPU
		{569CB0CB-F4CA-4C0B-A733-7C09DCF6BABA}.Release|x86.Deploy.0 = Release|Any CPU
		{CCCE46F7-C8B2-495A-8FC3-5D8E2ABB09E3}.Debug|Any CPU.ActiveCfg = Debug|Any CPU
		{CCCE46F7-C8B2-495A-8FC3-5D8E2ABB09E3}.Debug|Any CPU.Build.0 = Debug|Any CPU
		{CCCE46F7-C8B2-495A-8FC3-5D8E2ABB09E3}.Debug|ARM.ActiveCfg = Debug|Any CPU
		{CCCE46F7-C8B2-495A-8FC3-5D8E2ABB09E3}.Debug|ARM.Build.0 = Debug|Any CPU
		{CCCE46F7-C8B2-495A-8FC3-5D8E2ABB09E3}.Debug|iPhone.ActiveCfg = Debug|Any CPU
		{CCCE46F7-C8B2-495A-8FC3-5D8E2ABB09E3}.Debug|iPhone.Build.0 = Debug|Any CPU
		{CCCE46F7-C8B2-495A-8FC3-5D8E2ABB09E3}.Debug|iPhoneSimulator.ActiveCfg = Debug|Any CPU
		{CCCE46F7-C8B2-495A-8FC3-5D8E2ABB09E3}.Debug|iPhoneSimulator.Build.0 = Debug|Any CPU
		{CCCE46F7-C8B2-495A-8FC3-5D8E2ABB09E3}.Debug|x64.ActiveCfg = Debug|Any CPU
		{CCCE46F7-C8B2-495A-8FC3-5D8E2ABB09E3}.Debug|x64.Build.0 = Debug|Any CPU
		{CCCE46F7-C8B2-495A-8FC3-5D8E2ABB09E3}.Debug|x86.ActiveCfg = Debug|Any CPU
		{CCCE46F7-C8B2-495A-8FC3-5D8E2ABB09E3}.Debug|x86.Build.0 = Debug|Any CPU
		{CCCE46F7-C8B2-495A-8FC3-5D8E2ABB09E3}.Release|Any CPU.ActiveCfg = Release|Any CPU
		{CCCE46F7-C8B2-495A-8FC3-5D8E2ABB09E3}.Release|Any CPU.Build.0 = Release|Any CPU
		{CCCE46F7-C8B2-495A-8FC3-5D8E2ABB09E3}.Release|ARM.ActiveCfg = Release|Any CPU
		{CCCE46F7-C8B2-495A-8FC3-5D8E2ABB09E3}.Release|ARM.Build.0 = Release|Any CPU
		{CCCE46F7-C8B2-495A-8FC3-5D8E2ABB09E3}.Release|iPhone.ActiveCfg = Release|Any CPU
		{CCCE46F7-C8B2-495A-8FC3-5D8E2ABB09E3}.Release|iPhone.Build.0 = Release|Any CPU
		{CCCE46F7-C8B2-495A-8FC3-5D8E2ABB09E3}.Release|iPhoneSimulator.ActiveCfg = Release|Any CPU
		{CCCE46F7-C8B2-495A-8FC3-5D8E2ABB09E3}.Release|iPhoneSimulator.Build.0 = Release|Any CPU
		{CCCE46F7-C8B2-495A-8FC3-5D8E2ABB09E3}.Release|x64.ActiveCfg = Release|Any CPU
		{CCCE46F7-C8B2-495A-8FC3-5D8E2ABB09E3}.Release|x64.Build.0 = Release|Any CPU
		{CCCE46F7-C8B2-495A-8FC3-5D8E2ABB09E3}.Release|x86.ActiveCfg = Release|Any CPU
		{CCCE46F7-C8B2-495A-8FC3-5D8E2ABB09E3}.Release|x86.Build.0 = Release|Any CPU
	EndGlobalSection
	GlobalSection(SolutionProperties) = preSolution
		HideSolutionNode = FALSE
	EndGlobalSection
	GlobalSection(ExtensibilityGlobals) = postSolution
		SolutionGuid = {7E1B9008-8E4E-462D-AE01-516DC0C5D5E7}
	EndGlobalSection
EndGlobal
